
Microsoft Visual Studio Solution File, Format Version 12.00
Project("{FAE04EC0-301F-11D3-BF4B-00C04F79EFBC}") = "WeightTracker", "WeightTracker\WeightTracker.csproj", "{4BAF87E0-736D-4B63-824E-3A9833BED240}"
EndProject
Project("{FAE04EC0-301F-11D3-BF4B-00C04F79EFBC}") = "WeightTrackerAPI", "WeightTrackerAPI\WeightTrackerAPI.csproj", "{388BCFEE-0C87-4EC4-A548-45D7DD2633D0}"
EndProject
Project("{FAE04EC0-301F-11D3-BF4B-00C04F79EFBC}") = "Core", "Core\Core.csproj", "{C7D082CB-8A38-4D37-8191-3338120382F4}"
EndProject
Global
	GlobalSection(SolutionConfigurationPlatforms) = preSolution
		Debug|Any CPU = Debug|Any CPU
		Release|Any CPU = Release|Any CPU
	EndGlobalSection
	GlobalSection(ProjectConfigurationPlatforms) = postSolution
		{4BAF87E0-736D-4B63-824E-3A9833BED240}.Debug|Any CPU.ActiveCfg = Debug|Any CPU
		{4BAF87E0-736D-4B63-824E-3A9833BED240}.Debug|Any CPU.Build.0 = Debug|Any CPU
		{4BAF87E0-736D-4B63-824E-3A9833BED240}.Release|Any CPU.ActiveCfg = Release|Any CPU
		{4BAF87E0-736D-4B63-824E-3A9833BED240}.Release|Any CPU.Build.0 = Release|Any CPU
		{388BCFEE-0C87-4EC4-A548-45D7DD2633D0}.Debug|Any CPU.ActiveCfg = Debug|Any CPU
		{388BCFEE-0C87-4EC4-A548-45D7DD2633D0}.Debug|Any CPU.Build.0 = Debug|Any CPU
		{388BCFEE-0C87-4EC4-A548-45D7DD2633D0}.Release|Any CPU.ActiveCfg = Release|Any CPU
		{388BCFEE-0C87-4EC4-A548-45D7DD2633D0}.Release|Any CPU.Build.0 = Release|Any CPU
		{C7D082CB-8A38-4D37-8191-3338120382F4}.Debug|Any CPU.ActiveCfg = Debug|Any CPU
		{C7D082CB-8A38-4D37-8191-3338120382F4}.Debug|Any CPU.Build.0 = Debug|Any CPU
		{C7D082CB-8A38-4D37-8191-3338120382F4}.Release|Any CPU.ActiveCfg = Release|Any CPU
		{C7D082CB-8A38-4D37-8191-3338120382F4}.Release|Any CPU.Build.0 = Release|Any CPU
	EndGlobalSection
EndGlobal
